
Microsoft Visual Studio Solution File, Format Version 12.00
# Visual Studio Version 16
VisualStudioVersion = 16.0.31019.35
MinimumVisualStudioVersion = 10.0.40219.1
Project("{FAE04EC0-301F-11D3-BF4B-00C04F79EFBC}") = "CressiUciJsonFormatter", "CressiUciJsonFormatter\CressiUciJsonFormatter.csproj", "{3C87CBB8-BD40-4255-8F92-6687517C03AB}"
EndProject
Global
	GlobalSection(SolutionConfigurationPlatforms) = preSolution
		Debug|Any CPU = Debug|Any CPU
		Release|Any CPU = Release|Any CPU
	EndGlobalSection
	GlobalSection(ProjectConfigurationPlatforms) = postSolution
		{3C87CBB8-BD40-4255-8F92-6687517C03AB}.Debug|Any CPU.ActiveCfg = Debug|Any CPU
		{3C87CBB8-BD40-4255-8F92-6687517C03AB}.Debug|Any CPU.Build.0 = Debug|Any CPU
		{3C87CBB8-BD40-4255-8F92-6687517C03AB}.Release|Any CPU.ActiveCfg = Release|Any CPU
		{3C87CBB8-BD40-4255-8F92-6687517C03AB}.Release|Any CPU.Build.0 = Release|Any CPU
	EndGlobalSection
	GlobalSection(SolutionProperties) = preSolution
		HideSolutionNode = FALSE
	EndGlobalSection
	GlobalSection(ExtensibilityGlobals) = postSolution
		SolutionGuid = {14BF41A4-CFDE-4669-B5EC-E9CCF300937A}
	EndGlobalSection
EndGlobal
